
Microsoft Visual Studio Solution File, Format Version 12.00
# Visual Studio Version 17
VisualStudioVersion = 17.5.33530.505
MinimumVisualStudioVersion = 10.0.40219.1
Project("{9A19103F-16F7-4668-BE54-9A1E7A4F7556}") = "TB.AI.OKR.WebApp", "TB.AI.OKR.WebApp\TB.AI.OKR.WebApp.csproj", "{77D8243D-BC1E-4B41-8EEC-85661E322500}"
EndProject
Project("{2150E333-8FDC-42A3-9474-1A3956D46DE8}") = "OpenAI", "OpenAI", "{8852D0FB-CA87-4F3D-AF43-DCEAB7F36189}"
EndProject
Project("{9A19103F-16F7-4668-BE54-9A1E7A4F7556}") = "TB.OpenAI.ApiClient", "TB.OpenAI.ApiClient\TB.OpenAI.ApiClient.csproj", "{AC93128E-D685-4FAC-AB95-B6B2C2DAF9B3}"
EndProject
Project("{9A19103F-16F7-4668-BE54-9A1E7A4F7556}") = "TB.OpenAI.ApiClient.DependencyInjection", "TB.OpenAI.ApiClient.DependencyInjection\TB.OpenAI.ApiClient.DependencyInjection.csproj", "{F8D055D1-37D8-41F5-8A89-06A533F5D5C3}"
EndProject
Project("{9A19103F-16F7-4668-BE54-9A1E7A4F7556}") = "TB.OpenAI.ApiClient.Abstract", "TB.OpenAI.ApiClient.Abstract\TB.OpenAI.ApiClient.Abstract.csproj", "{D6E1CB59-1408-4053-B98F-2FD0E27939AE}"
EndProject
Project("{2150E333-8FDC-42A3-9474-1A3956D46DE8}") = "GPT4All", "GPT4All", "{F3972336-FC93-44B8-96D3-CDAC59514F0A}"
EndProject
Project("{9A19103F-16F7-4668-BE54-9A1E7A4F7556}") = "TB.GPT4All.ApiClient", "TB.GPT4All.ApiClient\TB.GPT4All.ApiClient.csproj", "{98E75CF1-ED70-48F0-ADA8-9CD2E6DAFC62}"
EndProject
Project("{9A19103F-16F7-4668-BE54-9A1E7A4F7556}") = "TB.GPT4All.ApiClient.DependencyInjection", "TB.GPT4All.ApiClient.DependencyInjection\TB.GPT4All.ApiClient.DependencyInjection.csproj", "{F8A8AAFF-CD06-46AF-9EBC-3CBFC76BD7A3}"
EndProject
Project("{9A19103F-16F7-4668-BE54-9A1E7A4F7556}") = "TB.GPT4All.ApiClient.Abstraction", "TB.GPT4All.ApiClient.Abstraction\TB.GPT4All.ApiClient.Abstraction.csproj", "{479CED10-800A-402E-ABD1-1E1C9584A4E7}"
EndProject
Project("{2150E333-8FDC-42A3-9474-1A3956D46DE8}") = "Helpers", "Helpers", "{FC592781-926A-4ADD-B92F-848E10439D85}"
EndProject
Project("{9A19103F-16F7-4668-BE54-9A1E7A4F7556}") = "TB.Tools.Readability", "TB.Tools.Readability\TB.Tools.Readability.csproj", "{F9817AEB-8B8C-4976-B00A-227346FD4C6D}"
EndProject
Project("{9A19103F-16F7-4668-BE54-9A1E7A4F7556}") = "TB.Tools.DataLabeler", "TB.Tools.DataLabeler\TB.Tools.DataLabeler.csproj", "{0C9FFA08-1A43-42CB-BB20-B56EF30A93DE}"
EndProject
Project("{9A19103F-16F7-4668-BE54-9A1E7A4F7556}") = "OkrML.Console", "OkrML\OkrML.Console.csproj", "{7562F376-CB7D-426B-B419-CA67ADDEFE14}"
EndProject
Project("{2150E333-8FDC-42A3-9474-1A3956D46DE8}") = "ML", "ML", "{8F8E1518-F14A-4006-9CDE-5D8CAD44C37A}"
EndProject
Project("{9A19103F-16F7-4668-BE54-9A1E7A4F7556}") = "DataFlatener", "DataFlatener\DataFlatener.csproj", "{3153EAD6-7EE7-4D2E-90CE-A5119FE9887C}"
EndProject
Project("{2150E333-8FDC-42A3-9474-1A3956D46DE8}") = "Core", "Core", "{5B61FCF0-F49F-4E4B-8040-8CF9584E09CC}"
EndProject
Project("{2150E333-8FDC-42A3-9474-1A3956D46DE8}") = "Infrastructure", "Infrastructure", "{B3D77D4B-EE2F-42E6-B528-6BA451E0C871}"
EndProject
Project("{2150E333-8FDC-42A3-9474-1A3956D46DE8}") = "Providers", "Providers", "{C7021574-206A-4D84-ABF4-3995A7E6A58B}"
EndProject
Project("{9A19103F-16F7-4668-BE54-9A1E7A4F7556}") = "TB.AI.OKR.Core.Application", "TB.AI.OKR.Core.Application\TB.AI.OKR.Core.Application.csproj", "{2966204A-300E-4D00-B29A-47CB71260502}"
EndProject
Project("{9A19103F-16F7-4668-BE54-9A1E7A4F7556}") = "TB.AI.OKR.Core.Domain", "TB.AI.OKR.Core.Domain\TB.AI.OKR.Core.Domain.csproj", "{7329D1AA-9849-4F9A-B076-E24DA9FC722F}"
EndProject
Project("{9A19103F-16F7-4668-BE54-9A1E7A4F7556}") = "TB.AI.OKR.Infrastructure.Persistence", "TB.AI.OKR.Infrastructure.Persistence\TB.AI.OKR.Infrastructure.Persistence.csproj", "{12B39257-ADD3-4EA3-BE4D-49C1B2DB21BE}"
EndProject
Project("{9A19103F-16F7-4668-BE54-9A1E7A4F7556}") = "OkrML.WebApi", "OkrML.WebApi\OkrML.WebApi.csproj", "{7429A770-0110-49D4-B057-0189F4D379CA}"
EndProject
Project("{FAE04EC0-301F-11D3-BF4B-00C04F79EFBC}") = "TB.Tools.DataLabeler.TestDeterministic.Console", "TB.Tools.DataLabeler.TestDeterministic.Console\TB.Tools.DataLabeler.TestDeterministic.Console.csproj", "{B43F5822-6BF8-41A6-AD8B-BE68AE1E0145}"
EndProject
Global
	GlobalSection(SolutionConfigurationPlatforms) = preSolution
		Debug|Any CPU = Debug|Any CPU
		Release|Any CPU = Release|Any CPU
	EndGlobalSection
	GlobalSection(ProjectConfigurationPlatforms) = postSolution
		{77D8243D-BC1E-4B41-8EEC-85661E322500}.Debug|Any CPU.ActiveCfg = Debug|Any CPU
		{77D8243D-BC1E-4B41-8EEC-85661E322500}.Debug|Any CPU.Build.0 = Debug|Any CPU
		{77D8243D-BC1E-4B41-8EEC-85661E322500}.Release|Any CPU.ActiveCfg = Release|Any CPU
		{77D8243D-BC1E-4B41-8EEC-85661E322500}.Release|Any CPU.Build.0 = Release|Any CPU
		{AC93128E-D685-4FAC-AB95-B6B2C2DAF9B3}.Debug|Any CPU.ActiveCfg = Debug|Any CPU
		{AC93128E-D685-4FAC-AB95-B6B2C2DAF9B3}.Debug|Any CPU.Build.0 = Debug|Any CPU
		{AC93128E-D685-4FAC-AB95-B6B2C2DAF9B3}.Release|Any CPU.ActiveCfg = Release|Any CPU
		{AC93128E-D685-4FAC-AB95-B6B2C2DAF9B3}.Release|Any CPU.Build.0 = Release|Any CPU
		{F8D055D1-37D8-41F5-8A89-06A533F5D5C3}.Debug|Any CPU.ActiveCfg = Debug|Any CPU
		{F8D055D1-37D8-41F5-8A89-06A533F5D5C3}.Debug|Any CPU.Build.0 = Debug|Any CPU
		{F8D055D1-37D8-41F5-8A89-06A533F5D5C3}.Release|Any CPU.ActiveCfg = Release|Any CPU
		{F8D055D1-37D8-41F5-8A89-06A533F5D5C3}.Release|Any CPU.Build.0 = Release|Any CPU
		{D6E1CB59-1408-4053-B98F-2FD0E27939AE}.Debug|Any CPU.ActiveCfg = Debug|Any CPU
		{D6E1CB59-1408-4053-B98F-2FD0E27939AE}.Debug|Any CPU.Build.0 = Debug|Any CPU
		{D6E1CB59-1408-4053-B98F-2FD0E27939AE}.Release|Any CPU.ActiveCfg = Release|Any CPU
		{D6E1CB59-1408-4053-B98F-2FD0E27939AE}.Release|Any CPU.Build.0 = Release|Any CPU
		{98E75CF1-ED70-48F0-ADA8-9CD2E6DAFC62}.Debug|Any CPU.ActiveCfg = Debug|Any CPU
		{98E75CF1-ED70-48F0-ADA8-9CD2E6DAFC62}.Debug|Any CPU.Build.0 = Debug|Any CPU
		{98E75CF1-ED70-48F0-ADA8-9CD2E6DAFC62}.Release|Any CPU.ActiveCfg = Release|Any CPU
		{98E75CF1-ED70-48F0-ADA8-9CD2E6DAFC62}.Release|Any CPU.Build.0 = Release|Any CPU
		{F8A8AAFF-CD06-46AF-9EBC-3CBFC76BD7A3}.Debug|Any CPU.ActiveCfg = Debug|Any CPU
		{F8A8AAFF-CD06-46AF-9EBC-3CBFC76BD7A3}.Debug|Any CPU.Build.0 = Debug|Any CPU
		{F8A8AAFF-CD06-46AF-9EBC-3CBFC76BD7A3}.Release|Any CPU.ActiveCfg = Release|Any CPU
		{F8A8AAFF-CD06-46AF-9EBC-3CBFC76BD7A3}.Release|Any CPU.Build.0 = Release|Any CPU
		{479CED10-800A-402E-ABD1-1E1C9584A4E7}.Debug|Any CPU.ActiveCfg = Debug|Any CPU
		{479CED10-800A-402E-ABD1-1E1C9584A4E7}.Debug|Any CPU.Build.0 = Debug|Any CPU
		{479CED10-800A-402E-ABD1-1E1C9584A4E7}.Release|Any CPU.ActiveCfg = Release|Any CPU
		{479CED10-800A-402E-ABD1-1E1C9584A4E7}.Release|Any CPU.Build.0 = Release|Any CPU
		{F9817AEB-8B8C-4976-B00A-227346FD4C6D}.Debug|Any CPU.ActiveCfg = Debug|Any CPU
		{F9817AEB-8B8C-4976-B00A-227346FD4C6D}.Debug|Any CPU.Build.0 = Debug|Any CPU
		{F9817AEB-8B8C-4976-B00A-227346FD4C6D}.Release|Any CPU.ActiveCfg = Release|Any CPU
		{F9817AEB-8B8C-4976-B00A-227346FD4C6D}.Release|Any CPU.Build.0 = Release|Any CPU
		{0C9FFA08-1A43-42CB-BB20-B56EF30A93DE}.Debug|Any CPU.ActiveCfg = Debug|Any CPU
		{0C9FFA08-1A43-42CB-BB20-B56EF30A93DE}.Debug|Any CPU.Build.0 = Debug|Any CPU
		{0C9FFA08-1A43-42CB-BB20-B56EF30A93DE}.Release|Any CPU.ActiveCfg = Release|Any CPU
		{0C9FFA08-1A43-42CB-BB20-B56EF30A93DE}.Release|Any CPU.Build.0 = Release|Any CPU
		{7562F376-CB7D-426B-B419-CA67ADDEFE14}.Debug|Any CPU.ActiveCfg = Debug|Any CPU
		{7562F376-CB7D-426B-B419-CA67ADDEFE14}.Debug|Any CPU.Build.0 = Debug|Any CPU
		{7562F376-CB7D-426B-B419-CA67ADDEFE14}.Release|Any CPU.ActiveCfg = Release|Any CPU
		{7562F376-CB7D-426B-B419-CA67ADDEFE14}.Release|Any CPU.Build.0 = Release|Any CPU
		{3153EAD6-7EE7-4D2E-90CE-A5119FE9887C}.Debug|Any CPU.ActiveCfg = Debug|Any CPU
		{3153EAD6-7EE7-4D2E-90CE-A5119FE9887C}.Debug|Any CPU.Build.0 = Debug|Any CPU
		{3153EAD6-7EE7-4D2E-90CE-A5119FE9887C}.Release|Any CPU.ActiveCfg = Release|Any CPU
		{3153EAD6-7EE7-4D2E-90CE-A5119FE9887C}.Release|Any CPU.Build.0 = Release|Any CPU
		{2966204A-300E-4D00-B29A-47CB71260502}.Debug|Any CPU.ActiveCfg = Debug|Any CPU
		{2966204A-300E-4D00-B29A-47CB71260502}.Debug|Any CPU.Build.0 = Debug|Any CPU
		{2966204A-300E-4D00-B29A-47CB71260502}.Release|Any CPU.ActiveCfg = Release|Any CPU
		{2966204A-300E-4D00-B29A-47CB71260502}.Release|Any CPU.Build.0 = Release|Any CPU
		{7329D1AA-9849-4F9A-B076-E24DA9FC722F}.Debug|Any CPU.ActiveCfg = Debug|Any CPU
		{7329D1AA-9849-4F9A-B076-E24DA9FC722F}.Debug|Any CPU.Build.0 = Debug|Any CPU
		{7329D1AA-9849-4F9A-B076-E24DA9FC722F}.Release|Any CPU.ActiveCfg = Release|Any CPU
		{7329D1AA-9849-4F9A-B076-E24DA9FC722F}.Release|Any CPU.Build.0 = Release|Any CPU
		{12B39257-ADD3-4EA3-BE4D-49C1B2DB21BE}.Debug|Any CPU.ActiveCfg = Debug|Any CPU
		{12B39257-ADD3-4EA3-BE4D-49C1B2DB21BE}.Debug|Any CPU.Build.0 = Debug|Any CPU
		{12B39257-ADD3-4EA3-BE4D-49C1B2DB21BE}.Release|Any CPU.ActiveCfg = Release|Any CPU
		{12B39257-ADD3-4EA3-BE4D-49C1B2DB21BE}.Release|Any CPU.Build.0 = Release|Any CPU
		{7429A770-0110-49D4-B057-0189F4D379CA}.Debug|Any CPU.ActiveCfg = Debug|Any CPU
		{7429A770-0110-49D4-B057-0189F4D379CA}.Debug|Any CPU.Build.0 = Debug|Any CPU
		{7429A770-0110-49D4-B057-0189F4D379CA}.Release|Any CPU.ActiveCfg = Release|Any CPU
		{7429A770-0110-49D4-B057-0189F4D379CA}.Release|Any CPU.Build.0 = Release|Any CPU
		{B43F5822-6BF8-41A6-AD8B-BE68AE1E0145}.Debug|Any CPU.ActiveCfg = Debug|Any CPU
		{B43F5822-6BF8-41A6-AD8B-BE68AE1E0145}.Debug|Any CPU.Build.0 = Debug|Any CPU
		{B43F5822-6BF8-41A6-AD8B-BE68AE1E0145}.Release|Any CPU.ActiveCfg = Release|Any CPU
		{B43F5822-6BF8-41A6-AD8B-BE68AE1E0145}.Release|Any CPU.Build.0 = Release|Any CPU
	EndGlobalSection
	GlobalSection(SolutionProperties) = preSolution
		HideSolutionNode = FALSE
	EndGlobalSection
	GlobalSection(NestedProjects) = preSolution
		{8852D0FB-CA87-4F3D-AF43-DCEAB7F36189} = {C7021574-206A-4D84-ABF4-3995A7E6A58B}
		{AC93128E-D685-4FAC-AB95-B6B2C2DAF9B3} = {8852D0FB-CA87-4F3D-AF43-DCEAB7F36189}
		{F8D055D1-37D8-41F5-8A89-06A533F5D5C3} = {8852D0FB-CA87-4F3D-AF43-DCEAB7F36189}
		{D6E1CB59-1408-4053-B98F-2FD0E27939AE} = {8852D0FB-CA87-4F3D-AF43-DCEAB7F36189}
		{F3972336-FC93-44B8-96D3-CDAC59514F0A} = {C7021574-206A-4D84-ABF4-3995A7E6A58B}
		{98E75CF1-ED70-48F0-ADA8-9CD2E6DAFC62} = {F3972336-FC93-44B8-96D3-CDAC59514F0A}
		{F8A8AAFF-CD06-46AF-9EBC-3CBFC76BD7A3} = {F3972336-FC93-44B8-96D3-CDAC59514F0A}
		{479CED10-800A-402E-ABD1-1E1C9584A4E7} = {F3972336-FC93-44B8-96D3-CDAC59514F0A}
		{F9817AEB-8B8C-4976-B00A-227346FD4C6D} = {FC592781-926A-4ADD-B92F-848E10439D85}
		{0C9FFA08-1A43-42CB-BB20-B56EF30A93DE} = {FC592781-926A-4ADD-B92F-848E10439D85}
		{7562F376-CB7D-426B-B419-CA67ADDEFE14} = {8F8E1518-F14A-4006-9CDE-5D8CAD44C37A}
		{8F8E1518-F14A-4006-9CDE-5D8CAD44C37A} = {C7021574-206A-4D84-ABF4-3995A7E6A58B}
		{3153EAD6-7EE7-4D2E-90CE-A5119FE9887C} = {FC592781-926A-4ADD-B92F-848E10439D85}
		{2966204A-300E-4D00-B29A-47CB71260502} = {5B61FCF0-F49F-4E4B-8040-8CF9584E09CC}
		{7329D1AA-9849-4F9A-B076-E24DA9FC722F} = {5B61FCF0-F49F-4E4B-8040-8CF9584E09CC}
		{12B39257-ADD3-4EA3-BE4D-49C1B2DB21BE} = {B3D77D4B-EE2F-42E6-B528-6BA451E0C871}
		{7429A770-0110-49D4-B057-0189F4D379CA} = {8F8E1518-F14A-4006-9CDE-5D8CAD44C37A}
		{B43F5822-6BF8-41A6-AD8B-BE68AE1E0145} = {FC592781-926A-4ADD-B92F-848E10439D85}
	EndGlobalSection
	GlobalSection(ExtensibilityGlobals) = postSolution
		SolutionGuid = {39E8DAD8-A757-480F-872C-D9D996F4CF8C}
	EndGlobalSection
EndGlobal
